
Microsoft Visual Studio Solution File, Format Version 12.00
# Visual Studio Version 17
VisualStudioVersion = 17.6.33717.318
MinimumVisualStudioVersion = 10.0.40219.1
Project("{FAE04EC0-301F-11D3-BF4B-00C04F79EFBC}") = "SSDMiniProject", "SSDMiniProject\SSDMiniProject.csproj", "{3EC8BE27-60B8-4732-A2E4-5348AB1E3E7F}"
EndProject
Global
	GlobalSection(SolutionConfigurationPlatforms) = preSolution
		Debug|Any CPU = Debug|Any CPU
		Release|Any CPU = Release|Any CPU
	EndGlobalSection
	GlobalSection(ProjectConfigurationPlatforms) = postSolution
		{3EC8BE27-60B8-4732-A2E4-5348AB1E3E7F}.Debug|Any CPU.ActiveCfg = Debug|Any CPU
		{3EC8BE27-60B8-4732-A2E4-5348AB1E3E7F}.Debug|Any CPU.Build.0 = Debug|Any CPU
		{3EC8BE27-60B8-4732-A2E4-5348AB1E3E7F}.Release|Any CPU.ActiveCfg = Release|Any CPU
		{3EC8BE27-60B8-4732-A2E4-5348AB1E3E7F}.Release|Any CPU.Build.0 = Release|Any CPU
	EndGlobalSection
	GlobalSection(SolutionProperties) = preSolution
		HideSolutionNode = FALSE
	EndGlobalSection
	GlobalSection(ExtensibilityGlobals) = postSolution
		SolutionGuid = {0B99B708-E3F0-415C-9F9A-B36026EA271B}
	EndGlobalSection
EndGlobal
